
Microsoft Visual Studio Solution File, Format Version 12.00
# Visual Studio 2013
VisualStudioVersion = 12.0.21005.1
MinimumVisualStudioVersion = 10.0.40219.1
Project("{2150E333-8FDC-42A3-9474-1A3956D46DE8}") = "src", "src", "{5C5A46AD-CDF1-4E30-A51C-AF43701D3540}"
EndProject
Project("{FAE04EC0-301F-11D3-BF4B-00C04F79EFBC}") = "CozyBili.Core", "CozyBili.Core\CozyBili.Core.csproj", "{C7DB81F5-D98F-48D6-9D51-19DDE0D95D06}"
EndProject
Global
	GlobalSection(SolutionConfigurationPlatforms) = preSolution
		Debug|Any CPU = Debug|Any CPU
		Release|Any CPU = Release|Any CPU
	EndGlobalSection
	GlobalSection(ProjectConfigurationPlatforms) = postSolution
		{C7DB81F5-D98F-48D6-9D51-19DDE0D95D06}.Debug|Any CPU.ActiveCfg = Debug|Any CPU
		{C7DB81F5-D98F-48D6-9D51-19DDE0D95D06}.Debug|Any CPU.Build.0 = Debug|Any CPU
		{C7DB81F5-D98F-48D6-9D51-19DDE0D95D06}.Release|Any CPU.ActiveCfg = Release|Any CPU
		{C7DB81F5-D98F-48D6-9D51-19DDE0D95D06}.Release|Any CPU.Build.0 = Release|Any CPU
	EndGlobalSection
	GlobalSection(SolutionProperties) = preSolution
		HideSolutionNode = FALSE
	EndGlobalSection
	GlobalSection(NestedProjects) = preSolution
		{C7DB81F5-D98F-48D6-9D51-19DDE0D95D06} = {5C5A46AD-CDF1-4E30-A51C-AF43701D3540}
	EndGlobalSection
EndGlobal
